{
  "nodes": {
    "home-manager": {
      "inputs": {
        "nixpkgs": [
          "nixpkgs"
        ]
      },
      "locked": {
        "lastModified": 1772020340,
        "narHash": "sha256-aqBl3GNpCadMoJ/hVkWTijM1Aeilc278MjM+LA3jK6g=",
        "owner": "nix-community",
        "repo": "home-manager",
        "rev": "36e38ca0d9afe4c55405fdf22179a5212243eecc",
        "type": "github"
      },
      "original": {
        "owner": "nix-community",
        "ref": "release-25.11",
        "repo": "home-manager",
        "type": "github"
      }
    },
    "nixos-hardware": {
      "locked": {
        "lastModified": 1771969195,
        "narHash": "sha256-qwcDBtrRvJbrrnv1lf/pREQi8t2hWZxVAyeMo7/E9sw=",
        "owner": "NixOS",
        "repo": "nixos-hardware",
        "rev": "41c6b421bdc301b2624486e11905c9af7b8ec68e",
        "type": "github"
      },
      "original": {
        "owner": "NixOS",
        "ref": "master",
        "repo": "nixos-hardware",
        "type": "github"
      }
    },
    "nixpkgs": {
      "locked": {
        "lastModified": 1773579282,
        "narHash": "sha256-LWvZj9Bvm1EuoO6zbX4yjZebwnZNfeTbmCJGS7RGQ3Y=",
        "owner": "nixos",
        "repo": "nixpkgs",
        "rev": "5a88de74db0e948139be4b46f9a94d64aa11391c",
        "type": "github"
      },
      "original": {
        "owner": "nixos",
        "ref": "nixos-unstable",
        "repo": "nixpkgs",
        "type": "github"
      }
    },
    "nixpkgs_2": {
      "locked": {
        "lastModified": 1771369470,
        "narHash": "sha256-0NBlEBKkN3lufyvFegY4TYv5mCNHbi5OmBDrzihbBMQ=",
        "owner": "NixOS",
        "repo": "nixpkgs",
        "rev": "0182a361324364ae3f436a63005877674cf45efb",
        "type": "github"
      },
      "original": {
        "owner": "NixOS",
        "ref": "nixos-unstable",
        "repo": "nixpkgs",
        "type": "github"
      }
    },
    "plasma-manager": {
      "inputs": {
        "home-manager": [
          "home-manager"
        ],
        "nixpkgs": [
          "nixpkgs"
        ]
      },
      "locked": {
        "lastModified": 1772361940,
        "narHash": "sha256-B1Cz+ydL1iaOnGlwOFld/C8lBECPtzhiy/pP93/CuyY=",
        "owner": "nix-community",
        "repo": "plasma-manager",
        "rev": "a4b33606111c9c5dcd10009042bb710307174f51",
        "type": "github"
      },
      "original": {
        "owner": "nix-community",
        "repo": "plasma-manager",
        "type": "github"
      }
    },
    "root": {
      "inputs": {
        "home-manager": "home-manager",
        "nixos-hardware": "nixos-hardware",
        "nixpkgs": "nixpkgs",
        "plasma-manager": "plasma-manager",
        "spicetify-nix": "spicetify-nix"
      }
    },
    "spicetify-nix": {
      "inputs": {
        "nixpkgs": "nixpkgs_2",
        "systems": "systems"
      },
      "locked": {
        "lastModified": 1771737804,
        "narHash": "sha256-7wn9qbzIQQgH8tnq4VwzuWEqEWpekuymlLyhY3vM/j8=",
        "owner": "Gerg-L",
        "repo": "spicetify-nix",
        "rev": "6dd43010ac2458cc56a6ac5250349b9217a7a2ae",
        "type": "github"
      },
      "original": {
        "owner": "Gerg-L",
        "repo": "spicetify-nix",
        "type": "github"
      }
    },
    "systems": {
      "locked": {
        "lastModified": 1681028828,
        "narHash": "sha256-Vy1rq5AaRuLzOxct8nz4T6wlgyUR7zLU309k9mBC768=",
        "owner": "nix-systems",
        "repo": "default",
        "rev": "da67096a3b9bf56a91d16901293e51ba5b49a27e",
        "type": "github"
      },
      "original": {
        "owner": "nix-systems",
        "repo": "default",
        "type": "github"
      }
    }
  },
  "root": "root",
  "version": 7
}
